
Microsoft Visual Studio Solution File, Format Version 12.00
# Visual Studio Version 17
VisualStudioVersion = 17.1.32210.238
MinimumVisualStudioVersion = 10.0.40219.1
Project("{FAE04EC0-301F-11D3-BF4B-00C04F79EFBC}") = "VM_lab2", "VM_lab2\VM_lab2.csproj", "{751893C9-BB33-4381-A76B-F816CFA90041}"
EndProject
Global
	GlobalSection(SolutionConfigurationPlatforms) = preSolution
		Debug|Any CPU = Debug|Any CPU
		Release|Any CPU = Release|Any CPU
	EndGlobalSection
	GlobalSection(ProjectConfigurationPlatforms) = postSolution
		{751893C9-BB33-4381-A76B-F816CFA90041}.Debug|Any CPU.ActiveCfg = Debug|Any CPU
		{751893C9-BB33-4381-A76B-F816CFA90041}.Debug|Any CPU.Build.0 = Debug|Any CPU
		{751893C9-BB33-4381-A76B-F816CFA90041}.Release|Any CPU.ActiveCfg = Release|Any CPU
		{751893C9-BB33-4381-A76B-F816CFA90041}.Release|Any CPU.Build.0 = Release|Any CPU
	EndGlobalSection
	GlobalSection(SolutionProperties) = preSolution
		HideSolutionNode = FALSE
	EndGlobalSection
	GlobalSection(ExtensibilityGlobals) = postSolution
		SolutionGuid = {BE9FF92F-CB42-4620-B269-06C15FA4C0F4}
	EndGlobalSection
EndGlobal
